
Microsoft Visual Studio Solution File, Format Version 12.00
# Visual Studio 15
VisualStudioVersion = 15.0.27004.2006
MinimumVisualStudioVersion = 10.0.40219.1
Project("{FAE04EC0-301F-11D3-BF4B-00C04F79EFBC}") = "Spent.Web", "Spent.Web\Spent.Web.csproj", "{2AA8CBF9-63F4-409E-B91B-AF901B03379B}"
EndProject
Project("{FAE04EC0-301F-11D3-BF4B-00C04F79EFBC}") = "Spent.DAL", "Spent.DAL\Spent.DAL.csproj", "{A4822EAE-7089-4ED4-B419-15581CD836CD}"
EndProject
Global
	GlobalSection(SolutionConfigurationPlatforms) = preSolution
		Debug|Any CPU = Debug|Any CPU
		Release|Any CPU = Release|Any CPU
	EndGlobalSection
	GlobalSection(ProjectConfigurationPlatforms) = postSolution
		{2AA8CBF9-63F4-409E-B91B-AF901B03379B}.Debug|Any CPU.ActiveCfg = Debug|Any CPU
		{2AA8CBF9-63F4-409E-B91B-AF901B03379B}.Debug|Any CPU.Build.0 = Debug|Any CPU
		{2AA8CBF9-63F4-409E-B91B-AF901B03379B}.Release|Any CPU.ActiveCfg = Release|Any CPU
		{2AA8CBF9-63F4-409E-B91B-AF901B03379B}.Release|Any CPU.Build.0 = Release|Any CPU
		{A4822EAE-7089-4ED4-B419-15581CD836CD}.Debug|Any CPU.ActiveCfg = Debug|Any CPU
		{A4822EAE-7089-4ED4-B419-15581CD836CD}.Debug|Any CPU.Build.0 = Debug|Any CPU
		{A4822EAE-7089-4ED4-B419-15581CD836CD}.Release|Any CPU.ActiveCfg = Release|Any CPU
		{A4822EAE-7089-4ED4-B419-15581CD836CD}.Release|Any CPU.Build.0 = Release|Any CPU
	EndGlobalSection
	GlobalSection(SolutionProperties) = preSolution
		HideSolutionNode = FALSE
	EndGlobalSection
	GlobalSection(ExtensibilityGlobals) = postSolution
		SolutionGuid = {01D9A8B1-0B73-43B1-BE66-63263D9673DF}
	EndGlobalSection
EndGlobal
